{
    "_meta": {
        "hash": {
            "sha256": "f27f4597732af9413a2a01995d470ff33e16f3ce7101b6e4f198d685ffb061e9"
        },
        "pipfile-spec": 6,
        "requires": {
            "python_version": "3.8"
        },
        "sources": [
            {
                "name": "pypi",
                "url": "https://pypi.org/simple",
                "verify_ssl": true
            }
        ]
    },
    "default": {
        "bcrypt": {
            "hashes": [
                "sha256:5b93c1726e50a93a033c36e5ca7fdcd29a5c7395af50a6892f5d9e7c6cfbfb29",
                "sha256:63d4e3ff96188e5898779b6057878fecf3f11cfe6ec3b313ea09955d587ec7a7",
                "sha256:81fec756feff5b6818ea7ab031205e1d323d8943d237303baca2c5f9c7846f34",
                "sha256:a67fb841b35c28a59cebed05fbd3e80eea26e6d75851f0574a9273c80f3e9b55",
                "sha256:c95d4cbebffafcdd28bd28bb4e25b31c50f6da605c81ffd9ad8a3d1b2ab7b1b6",
                "sha256:cd1ea2ff3038509ea95f687256c46b79f5fc382ad0aa3664d200047546d511d1",
                "sha256:cdcdcb3972027f83fe24a48b1e90ea4b584d35f1cc279d76de6fc4b13376239d"
            ],
            "index": "pypi",
            "version": "==3.2.0"
        },
        "certifi": {
            "hashes": [
                "sha256:1a4995114262bffbc2413b159f2a1a480c969de6e6eb13ee966d470af86af59c",
                "sha256:719a74fb9e33b9bd44cc7f3a8d94bc35e4049deebe19ba7d8e108280cfd59830"
            ],
            "version": "==2020.12.5"
        },
        "cffi": {
            "hashes": [
                "sha256:005a36f41773e148deac64b08f233873a4d0c18b053d37da83f6af4d9087b813",
                "sha256:0857f0ae312d855239a55c81ef453ee8fd24136eaba8e87a2eceba644c0d4c06",
                "sha256:1071534bbbf8cbb31b498d5d9db0f274f2f7a865adca4ae429e147ba40f73dea",
                "sha256:158d0d15119b4b7ff6b926536763dc0714313aa59e320ddf787502c70c4d4bee",
                "sha256:1f436816fc868b098b0d63b8920de7d208c90a67212546d02f84fe78a9c26396",
                "sha256:2894f2df484ff56d717bead0a5c2abb6b9d2bf26d6960c4604d5c48bbc30ee73",
                "sha256:29314480e958fd8aab22e4a58b355b629c59bf5f2ac2492b61e3dc06d8c7a315",
                "sha256:34eff4b97f3d982fb93e2831e6750127d1355a923ebaeeb565407b3d2f8d41a1",
                "sha256:35f27e6eb43380fa080dccf676dece30bef72e4a67617ffda586641cd4508d49",
                "sha256:3d3dd4c9e559eb172ecf00a2a7517e97d1e96de2a5e610bd9b68cea3925b4892",
                "sha256:43e0b9d9e2c9e5d152946b9c5fe062c151614b262fda2e7b201204de0b99e482",
                "sha256:48e1c69bbacfc3d932221851b39d49e81567a4d4aac3b21258d9c24578280058",
                "sha256:51182f8927c5af975fece87b1b369f722c570fe169f9880764b1ee3bca8347b5",
                "sha256:58e3f59d583d413809d60779492342801d6e82fefb89c86a38e040c16883be53",
                "sha256:5de7970188bb46b7bf9858eb6890aad302577a5f6f75091fd7cdd3ef13ef3045",
                "sha256:65fa59693c62cf06e45ddbb822165394a288edce9e276647f0046e1ec26920f3",
                "sha256:69e395c24fc60aad6bb4fa7e583698ea6cc684648e1ffb7fe85e3c1ca131a7d5",
                "sha256:6c97d7350133666fbb5cf4abdc1178c812cb205dc6f41d174a7b0f18fb93337e",
                "sha256:6e4714cc64f474e4d6e37cfff31a814b509a35cb17de4fb1999907575684479c",
                "sha256:72d8d3ef52c208ee1c7b2e341f7d71c6fd3157138abf1a95166e6165dd5d4369",
                "sha256:8ae6299f6c68de06f136f1f9e69458eae58f1dacf10af5c17353eae03aa0d827",
                "sha256:8b198cec6c72df5289c05b05b8b0969819783f9418e0409865dac47288d2a053",
                "sha256:99cd03ae7988a93dd00bcd9d0b75e1f6c426063d6f03d2f90b89e29b25b82dfa",
                "sha256:9cf8022fb8d07a97c178b02327b284521c7708d7c71a9c9c355c178ac4bbd3d4",
                "sha256:9de2e279153a443c656f2defd67769e6d1e4163952b3c622dcea5b08a6405322",
                "sha256:9e93e79c2551ff263400e1e4be085a1210e12073a31c2011dbbda14bda0c6132",
                "sha256:9ff227395193126d82e60319a673a037d5de84633f11279e336f9c0f189ecc62",
                "sha256:a465da611f6fa124963b91bf432d960a555563efe4ed1cc403ba5077b15370aa",
                "sha256:ad17025d226ee5beec591b52800c11680fca3df50b8b29fe51d882576e039ee0",
                "sha256:afb29c1ba2e5a3736f1c301d9d0abe3ec8b86957d04ddfa9d7a6a42b9367e396",
                "sha256:b85eb46a81787c50650f2392b9b4ef23e1f126313b9e0e9013b35c15e4288e2e",
                "sha256:bb89f306e5da99f4d922728ddcd6f7fcebb3241fc40edebcb7284d7514741991",
                "sha256:cbde590d4faaa07c72bf979734738f328d239913ba3e043b1e98fe9a39f8b2b6",
                "sha256:cd2868886d547469123fadc46eac7ea5253ea7fcb139f12e1dfc2bbd406427d1",
                "sha256:d42b11d692e11b6634f7613ad8df5d6d5f8875f5d48939520d351007b3c13406",
                "sha256:f2d45f97ab6bb54753eab54fffe75aaf3de4ff2341c9daee1987ee1837636f1d",
                "sha256:fd78e5fee591709f32ef6edb9a015b4aa1a5022598e36227500c8f4e02328d9c"
            ],
            "version": "==1.14.5"
        },
        "chardet": {
            "hashes": [
                "sha256:0d6f53a15db4120f2b08c94f11e7d93d2c911ee118b6b30a04ec3ee8310179fa",
                "sha256:f864054d66fd9118f2e67044ac8981a54775ec5b67aed0441892edb553d21da5"
            ],
            "markers": "python_version >= '2.7' and python_version not in '3.0, 3.1, 3.2, 3.3, 3.4'",
            "version": "==4.0.0"
        },
        "colorama": {
            "hashes": [
                "sha256:5941b2b48a20143d2267e95b1c2a7603ce057ee39fd88e7329b0c292aa16869b",
                "sha256:9f47eda37229f68eee03b24b9748937c7dc3868f906e8ba69fbcbdd3bc5dc3e2"
            ],
            "index": "pypi",
            "version": "==0.4.4"
        },
        "configparser": {
            "hashes": [
                "sha256:005c3b102c96f4be9b8f40dafbd4997db003d07d1caa19f37808be8031475f2a",
                "sha256:08e8a59ef1817ac4ed810bb8e17d049566dd6e024e7566f6285c756db2bb4ff8"
            ],
            "markers": "python_version >= '3.6'",
            "version": "==5.0.1"
        },
        "crayons": {
            "hashes": [
                "sha256:bd33b7547800f2cfbd26b38431f9e64b487a7de74a947b0fafc89b45a601813f",
                "sha256:e73ad105c78935d71fe454dd4b85c5c437ba199294e7ffd3341842bc683654b1"
            ],
            "version": "==0.4.0"
        },
        "dnspython": {
            "hashes": [
                "sha256:95d12f6ef0317118d2a1a6fc49aac65ffec7eb8087474158f42f26a639135216",
                "sha256:e4a87f0b573201a0f3727fa18a516b055fd1107e0e5477cded4a2de497df1dd4"
            ],
            "index": "pypi",
            "version": "==2.1.0"
        },
        "idna": {
            "hashes": [
                "sha256:b307872f855b18632ce0c21c5e45be78c0ea7ae4c15c828c20788b26921eb3f6",
                "sha256:b97d804b1e9b523befed77c48dacec60e6dcb0b5391d57af6a65a312a90648c0"
            ],
            "markers": "python_version >= '2.7' and python_version not in '3.0, 3.1, 3.2, 3.3'",
            "version": "==2.10"
        },
        "pycparser": {
            "hashes": [
                "sha256:2d475327684562c3a96cc71adf7dc8c4f0565175cf86b6d7a404ff4c771f15f0",
                "sha256:7582ad22678f0fcd81102833f60ef8d0e57288b6b5fb00323d101be910e35705"
            ],
            "markers": "python_version >= '2.7' and python_version not in '3.0, 3.1, 3.2, 3.3'",
            "version": "==2.20"
        },
        "pymongo": {
            "hashes": [
                "sha256:0384d76b409278ddb34ac19cdc4664511685959bf719adbdc051875ded4689aa",
                "sha256:05e2bda928a3a6bc6ddff9e5a8579d41928b75d7417b18f9a67c82bb52150ac6",
                "sha256:152e4ac3158b776135d8fce28d2ac06e682b885fcbe86690d66465f262ab244e",
                "sha256:180511abfef70feb022360b35f4863dd68e08334197089201d5c52208de9ca2e",
                "sha256:19d52c60dc37520385f538d6d1a4c40bc398e0885f4ed6a36ce10b631dab2852",
                "sha256:1d559a76ae87143ad96c2ecd6fdd38e691721e175df7ced3fcdc681b4638bca1",
                "sha256:210ec4a058480b9c3869082e52b66d80c4a48eda9682d7a569a1a5a48100ea54",
                "sha256:2163d736d6f62b20753be5da3dc07a188420b355f057fcbb3075b05ee6227b2f",
                "sha256:22ee2c94fee1e391735be63aa1c9af4c69fdcb325ae9e5e4ddff770248ef60a6",
                "sha256:28633868be21a187702a8613913e13d1987d831529358c29fc6f6670413df040",
                "sha256:29390c39ca873737689a0749c9c3257aad96b323439b11279fbc0ba8626ec9c5",
                "sha256:2aeb108da1ed8e066800fb447ba5ae89d560e6773d228398a87825ac3630452d",
                "sha256:322f6cc7bf23a264151ebc5229a92600c4b55ac83c83c91c9bab1ec92c888a8d",
                "sha256:34c15f5798f23488e509eae82fbf749c3d17db74379a88c07c869ece1aa806b9",
                "sha256:3873866534b6527e6863e742eb23ea2a539e3c7ee00ad3f9bec9da27dbaaff6f",
                "sha256:3dbc67754882d740f17809342892f0b24398770bd99d48c5cb5ba89f5f5dee4e",
                "sha256:413b18ac2222f5d961eb8d1c8dcca6c6ca176c8613636d8c13aa23abae7f7a21",
                "sha256:42f9ec9d77358f557fe17cc15e796c4d4d492ede1a30cba3664822cae66e97c5",
                "sha256:4ac387ac1be71b798d1c372a924f9c30352f30e684e06f086091297352698ac0",
                "sha256:4ca92e15fcf02e02e7c24b448a16599b98c9d0e6a46cd85cc50804450ebf7245",
                "sha256:4d959e929cec805c2bf391418b1121590b4e7d5cb00af7b1ba521443d45a0918",
                "sha256:5091aacbdb667b418b751157f48f6daa17142c4f9063d58e5a64c90b2afbdf9a",
                "sha256:5a03ae5ac85b04b2034a0689add9ff597b16d5e24066a87f6ab0e9fa67049156",
                "sha256:5e1341276ce8b7752db9aeac6bbb0cbe82a3f6a6186866bf6b4906d8d328d50b",
                "sha256:6043d251fac27ca04ff22ed8deb5ff7a43dc18e8a4a15b4c442d2a20fa313162",
                "sha256:610d5cbbfd026e2f6d15665af51e048e49b68363fedece2ed318cc8fe080dd94",
                "sha256:622a5157ffcd793d305387c1c9fb94185f496c8c9fd66dafb59de0807bc14ad7",
                "sha256:65b67637f0a25ac9d25efb13c1578eb065870220ffa82f132c5b2d8e43ac39c3",
                "sha256:66573c8c7808cce4f3b56c23cb7cad6c3d7f4c464b9016d35f5344ad743896d7",
                "sha256:66b688fc139c6742057795510e3b12c4acbf90d11af1eff9689a41d9c84478d6",
                "sha256:685b884fa41bd2913fd20af85866c4ff886b7cbb7e4833b918996aa5d45a04be",
                "sha256:6a5834e392c97f19f36670e34bf9d346d733ad89ee0689a6419dd737dfa4308a",
                "sha256:728313cc0d59d1a1a004f675607dcf5c711ced3f55e75d82b3f264fd758869f3",
                "sha256:733e1cfffc4cd99848230e2999c8a86e284c6af6746482f8ad2ad554dce14e39",
                "sha256:7814b2cf23aad23464859973c5cd2066ca2fd99e0b934acefbb0b728ac2525bf",
                "sha256:7c77801620e5e75fb9c7abae235d3cc45d212a67efa98f4972eef63e736a8daa",
                "sha256:7cd42c66d49ffb68dea065e1c8a4323e7ceab386e660fee9863d4fa227302ba9",
                "sha256:7d2ae2f7c50adec20fde46a73465de31a6a6fbb4903240f8b7304549752ca7a1",
                "sha256:7edff02e44dd0badd749d7342e40705a398d98c5d8f7570f57cff9568c2351fa",
                "sha256:87981008d565f647142869d99915cc4760b7725858da3d39ecb2a606e23f36fd",
                "sha256:92e2376ce3ca0e3e443b3c5c2bb5d584c7e59221edfb0035313c6306049ba55a",
                "sha256:950710f7370613a6bfa2ccd842b488c5b8072e83fb6b7d45d99110bf44651d06",
                "sha256:980527f4ccc6644855bb68056fe7835da6d06d37776a52df5bcc1882df57c3db",
                "sha256:9fbffc5bad4df99a509783cbd449ed0d24fcd5a450c28e7756c8f20eda3d2aa5",
                "sha256:a8b02e0119d6ee381a265d8d2450a38096f82916d895fed2dfd81d4c7a54d6e4",
                "sha256:b17e627844d86031c77147c40bf992a6e1114025a460874deeda6500d0f34862",
                "sha256:b1aa62903a2c5768b0001632efdea2e8da6c80abdd520c2e8a16001cc9affb23",
                "sha256:b32e4eed2ef19a20dfb57698497a9bc54e74efb2e260c003e9056c145f130dc7",
                "sha256:b44fa04720bbfd617b6aef036989c8c30435f11450c0a59136291d7b41ed647f",
                "sha256:b4535d98df83abebb572035754fb3d4ad09ce7449375fa09fa9ede2dbc87b62b",
                "sha256:bb6a5777bf558f444cd4883d617546182cfeff8f2d4acd885253f11a16740534",
                "sha256:bc2eb67387b8376120a2be6cba9d23f9d6a6c3828e00fb0a64c55ad7b54116d1",
                "sha256:bd351ceb2decd23d523fc50bad631ee9ae6e97e7cdc355ce5600fe310484f96e",
                "sha256:bf70097bd497089f1baabf9cbb3ec4f69c022dc7a70c41ba9c238fa4d0fff7ab",
                "sha256:c7fd18d4b7939408df9315fedbdb05e179760960a92b3752498e2fcd03f24c3d",
                "sha256:cc359e408712faf9ea775f4c0ec8f2bfc843afe47747a657808d9595edd34d71",
                "sha256:cd8fc35d4c0c717cc29b0cb894871555cb7137a081e179877ecc537e2607f0b9",
                "sha256:daa44cefde19978af57ac1d50413cd86ebf2b497328e7a27832f5824bda47439",
                "sha256:db5098587f58fbf8582d9bda2462762b367207246d3e19623782fb449c3c5fcc",
                "sha256:db6fd53ef5f1914ad801830406440c3bfb701e38a607eda47c38adba267ba300",
                "sha256:e1414599a97554d451e441afb362dbee1505e4550852c0068370d843757a3fe2",
                "sha256:ee42a8f850143ae7c67ea09a183a6a4ad8d053e1dbd9a1134e21a7b5c1bc6c73",
                "sha256:f23abcf6eca5859a2982beadfb5111f8c5e76e30ff99aaee3c1c327f814f9f10",
                "sha256:f6748c447feeadda059719ef5ab1fb9d84bd370e205b20049a0e8b45ef4ad593"
            ],
            "index": "pypi",
            "version": "==3.11.3"
        },
        "python-dotenv": {
            "hashes": [
                "sha256:0c8d1b80d1a1e91717ea7d526178e3882732420b03f08afea0406db6402e220e",
                "sha256:587825ed60b1711daea4832cf37524dfd404325b7db5e25ebe88c495c9f807a0"
            ],
            "index": "pypi",
            "version": "==0.15.0"
        },
        "requests": {
            "hashes": [
                "sha256:27973dd4a904a4f13b263a19c866c13b92a39ed1c964655f025f3f8d3d75b804",
                "sha256:c210084e36a42ae6b9219e00e48287def368a26d03a048ddad7bfee44f75871e"
            ],
            "index": "pypi",
            "version": "==2.25.1"
        },
        "selenium": {
            "hashes": [
                "sha256:2d7131d7bc5a5b99a2d9b04aaf2612c411b03b8ca1b1ee8d3de5845a9be2cb3c",
                "sha256:deaf32b60ad91a4611b98d8002757f29e6f2c2d5fcaf202e1c9ad06d6772300d"
            ],
            "index": "pypi",
            "version": "==3.141.0"
        },
        "six": {
            "hashes": [
                "sha256:30639c035cdb23534cd4aa2dd52c3bf48f06e5f4a941509c8bafd8ce11080259",
                "sha256:8b74bedcbbbaca38ff6d7491d76f2b06b3592611af620f8426e82dddb04a5ced"
            ],
            "markers": "python_version >= '2.7' and python_version not in '3.0, 3.1, 3.2, 3.3'",
            "version": "==1.15.0"
        },
        "termcolor": {
            "hashes": [
                "sha256:1d6d69ce66211143803fbc56652b41d73b4a400a2891d7bf7a1cdf4c02de613b"
            ],
            "index": "pypi",
            "version": "==1.1.0"
        },
        "urllib3": {
            "hashes": [
                "sha256:1b465e494e3e0d8939b50680403e3aedaa2bc434b7d5af64dfd3c958d7f5ae80",
                "sha256:de3eedaad74a2683334e282005cd8d7f22f4d55fa690a2a1020a416cb0a47e73"
            ],
            "markers": "python_version >= '2.7' and python_version not in '3.0, 3.1, 3.2, 3.3, 3.4' and python_version < '4'",
            "version": "==1.26.3"
        },
        "webdriver-manager": {
            "hashes": [
                "sha256:22ae0ace4da117472302c21ead8ec05eb5c1312eeeba97547395d79f83afb241",
                "sha256:6b54b18f75379f97f9e49f504a8e79010d47af1da8e7b5d7d7a103ca535b1e46"
            ],
            "index": "pypi",
            "version": "==3.3.0"
        }
    },
    "develop": {}
}
